
Microsoft Visual Studio Solution File, Format Version 12.00
# Visual Studio Version 17
VisualStudioVersion = 17.0.32014.148
MinimumVisualStudioVersion = 10.0.40219.1
Project("{9A19103F-16F7-4668-BE54-9A1E7A4F7556}") = "Akka.TestKit.NUnit", "src\Akka.TestKit.NUnit\Akka.TestKit.NUnit.csproj", "{BEF84A6F-32C4-4ACF-AFC3-7B5FCA6F209E}"
EndProject
Project("{9A19103F-16F7-4668-BE54-9A1E7A4F7556}") = "Akka.TestKit.NUnit.Tests", "src\Akka.TestKit.NUnit.Tests\Akka.TestKit.NUnit.Tests.csproj", "{D63223FA-03F5-4B32-A6EC-668F718C0826}"
EndProject
Project("{9A19103F-16F7-4668-BE54-9A1E7A4F7556}") = "Akka.TestKit.NUnit3", "src\Akka.TestKit.NUnit3\Akka.TestKit.NUnit3.csproj", "{62A7BBA3-2AA6-4F9B-8ACA-15C3863C026E}"
EndProject
Project("{9A19103F-16F7-4668-BE54-9A1E7A4F7556}") = "Akka.TestKit.NUnit3.Tests", "src\Akka.TestKit.NUnit3.Tests\Akka.TestKit.NUnit3.Tests.csproj", "{FF91B397-1E60-4B94-99A1-B534C7BB91A5}"
EndProject
Project("{9A19103F-16F7-4668-BE54-9A1E7A4F7556}") = "_build", "build\_build.csproj", "{637FF340-E344-4119-8E64-FE105974B754}"
EndProject
Project("{2150E333-8FDC-42A3-9474-1A3956D46DE8}") = "Solution Items", "Solution Items", "{873747EF-ACF9-4BB2-90C1-052BFA3C84F2}"
	ProjectSection(SolutionItems) = preProject
		README.md = README.md
		RELEASE_NOTES.md = RELEASE_NOTES.md
	EndProjectSection
EndProject
Project("{9A19103F-16F7-4668-BE54-9A1E7A4F7556}") = "Akka.TestKit.NUnit4", "src\Akka.TestKit.NUnit4\Akka.TestKit.NUnit4.csproj", "{B522214E-5084-4D40-8C52-7AD72B7EA71C}"
EndProject
Project("{9A19103F-16F7-4668-BE54-9A1E7A4F7556}") = "Akka.TestKit.NUnit4.Tests", "src\Akka.TestKit.NUnit4.Tests\Akka.TestKit.NUnit4.Tests.csproj", "{D10E81B1-DED5-46CB-8FF5-AA40D755B75B}"
EndProject
Global
	GlobalSection(SolutionConfigurationPlatforms) = preSolution
		Debug|Any CPU = Debug|Any CPU
		Release|Any CPU = Release|Any CPU
	EndGlobalSection
	GlobalSection(ProjectConfigurationPlatforms) = postSolution
		{BEF84A6F-32C4-4ACF-AFC3-7B5FCA6F209E}.Debug|Any CPU.ActiveCfg = Debug|Any CPU
		{BEF84A6F-32C4-4ACF-AFC3-7B5FCA6F209E}.Debug|Any CPU.Build.0 = Debug|Any CPU
		{BEF84A6F-32C4-4ACF-AFC3-7B5FCA6F209E}.Release|Any CPU.ActiveCfg = Release|Any CPU
		{BEF84A6F-32C4-4ACF-AFC3-7B5FCA6F209E}.Release|Any CPU.Build.0 = Release|Any CPU
		{D63223FA-03F5-4B32-A6EC-668F718C0826}.Debug|Any CPU.ActiveCfg = Debug|Any CPU
		{D63223FA-03F5-4B32-A6EC-668F718C0826}.Debug|Any CPU.Build.0 = Debug|Any CPU
		{D63223FA-03F5-4B32-A6EC-668F718C0826}.Release|Any CPU.ActiveCfg = Release|Any CPU
		{D63223FA-03F5-4B32-A6EC-668F718C0826}.Release|Any CPU.Build.0 = Release|Any CPU
		{62A7BBA3-2AA6-4F9B-8ACA-15C3863C026E}.Debug|Any CPU.ActiveCfg = Debug|Any CPU
		{62A7BBA3-2AA6-4F9B-8ACA-15C3863C026E}.Debug|Any CPU.Build.0 = Debug|Any CPU
		{62A7BBA3-2AA6-4F9B-8ACA-15C3863C026E}.Release|Any CPU.ActiveCfg = Release|Any CPU
		{62A7BBA3-2AA6-4F9B-8ACA-15C3863C026E}.Release|Any CPU.Build.0 = Release|Any CPU
		{FF91B397-1E60-4B94-99A1-B534C7BB91A5}.Debug|Any CPU.ActiveCfg = Debug|Any CPU
		{FF91B397-1E60-4B94-99A1-B534C7BB91A5}.Debug|Any CPU.Build.0 = Debug|Any CPU
		{FF91B397-1E60-4B94-99A1-B534C7BB91A5}.Release|Any CPU.ActiveCfg = Release|Any CPU
		{FF91B397-1E60-4B94-99A1-B534C7BB91A5}.Release|Any CPU.Build.0 = Release|Any CPU
		{637FF340-E344-4119-8E64-FE105974B754}.Debug|Any CPU.ActiveCfg = Debug|Any CPU
		{637FF340-E344-4119-8E64-FE105974B754}.Release|Any CPU.ActiveCfg = Release|Any CPU
		{B522214E-5084-4D40-8C52-7AD72B7EA71C}.Debug|Any CPU.ActiveCfg = Debug|Any CPU
		{B522214E-5084-4D40-8C52-7AD72B7EA71C}.Debug|Any CPU.Build.0 = Debug|Any CPU
		{B522214E-5084-4D40-8C52-7AD72B7EA71C}.Release|Any CPU.ActiveCfg = Release|Any CPU
		{B522214E-5084-4D40-8C52-7AD72B7EA71C}.Release|Any CPU.Build.0 = Release|Any CPU
		{D10E81B1-DED5-46CB-8FF5-AA40D755B75B}.Debug|Any CPU.ActiveCfg = Debug|Any CPU
		{D10E81B1-DED5-46CB-8FF5-AA40D755B75B}.Debug|Any CPU.Build.0 = Debug|Any CPU
		{D10E81B1-DED5-46CB-8FF5-AA40D755B75B}.Release|Any CPU.ActiveCfg = Release|Any CPU
		{D10E81B1-DED5-46CB-8FF5-AA40D755B75B}.Release|Any CPU.Build.0 = Release|Any CPU
	EndGlobalSection
	GlobalSection(SolutionProperties) = preSolution
		HideSolutionNode = FALSE
	EndGlobalSection
	GlobalSection(ExtensibilityGlobals) = postSolution
		SolutionGuid = {3C33BB06-D649-4B82-A613-9D8E5D724DAC}
	EndGlobalSection
EndGlobal
