
Microsoft Visual Studio Solution File, Format Version 12.00
# Visual Studio 15
VisualStudioVersion = 15.0.26430.14
MinimumVisualStudioVersion = 10.0.40219.1
Project("{2150E333-8FDC-42A3-9474-1A3956D46DE8}") = "Properties", "Properties", "{BFADB2EA-919E-4534-8FA2-B44DD5B44FE4}"
ProjectSection(SolutionItems) = preProject
	src\common.props = src\common.props
EndProjectSection
EndProject
Project("{FAE04EC0-301F-11D3-BF4B-00C04F79EFBC}") = "Akka.TestKit.NUnit3", "src\Akka.TestKit.NUnit3\Akka.TestKit.NUnit3.csproj", "{099F3D9F-2706-4C31-A6BC-D8553FD50363}"
EndProject
Project("{FAE04EC0-301F-11D3-BF4B-00C04F79EFBC}") = "Akka.TestKit.NUnit3.Tests", "src\Akka.TestKit.NUnit3.Tests\Akka.TestKit.NUnit3.Tests.csproj", "{D125CDE3-4B25-4318-BFEB-04F9D6BD09E6}"
EndProject
Global
	GlobalSection(SolutionConfigurationPlatforms) = preSolution
		Debug|Any CPU = Debug|Any CPU
		Release|Any CPU = Release|Any CPU
	EndGlobalSection
	GlobalSection(ProjectConfigurationPlatforms) = postSolution
		{099F3D9F-2706-4C31-A6BC-D8553FD50363}.Debug|Any CPU.ActiveCfg = Debug|Any CPU
		{099F3D9F-2706-4C31-A6BC-D8553FD50363}.Debug|Any CPU.Build.0 = Debug|Any CPU
		{099F3D9F-2706-4C31-A6BC-D8553FD50363}.Release|Any CPU.ActiveCfg = Release|Any CPU
		{099F3D9F-2706-4C31-A6BC-D8553FD50363}.Release|Any CPU.Build.0 = Release|Any CPU
		{D125CDE3-4B25-4318-BFEB-04F9D6BD09E6}.Debug|Any CPU.ActiveCfg = Debug|Any CPU
		{D125CDE3-4B25-4318-BFEB-04F9D6BD09E6}.Debug|Any CPU.Build.0 = Debug|Any CPU
		{D125CDE3-4B25-4318-BFEB-04F9D6BD09E6}.Release|Any CPU.ActiveCfg = Release|Any CPU
		{D125CDE3-4B25-4318-BFEB-04F9D6BD09E6}.Release|Any CPU.Build.0 = Release|Any CPU
	EndGlobalSection
	GlobalSection(SolutionProperties) = preSolution
		HideSolutionNode = FALSE
	EndGlobalSection
EndGlobal
